
Microsoft Visual Studio Solution File, Format Version 12.00
# Visual Studio Version 16
VisualStudioVersion = 25.0.1706.11
MinimumVisualStudioVersion = 10.0.40219.1
Project("{FAE04EC0-301F-11D3-BF4B-00C04F79EFBC}") = "assignment_2_3_vp01o7", "assignment_2_3_vp01o7\assignment_2_3_vp01o7.csproj", "{3DCEB57C-9E0E-4EE1-B1B4-D3241E41B023}"
EndProject
Global
	GlobalSection(SolutionConfigurationPlatforms) = preSolution
		Debug|Any CPU = Debug|Any CPU
		Release|Any CPU = Release|Any CPU
	EndGlobalSection
	GlobalSection(ProjectConfigurationPlatforms) = postSolution
		{3DCEB57C-9E0E-4EE1-B1B4-D3241E41B023}.Debug|Any CPU.ActiveCfg = Debug|Any CPU
		{3DCEB57C-9E0E-4EE1-B1B4-D3241E41B023}.Debug|Any CPU.Build.0 = Debug|Any CPU
		{3DCEB57C-9E0E-4EE1-B1B4-D3241E41B023}.Release|Any CPU.ActiveCfg = Release|Any CPU
		{3DCEB57C-9E0E-4EE1-B1B4-D3241E41B023}.Release|Any CPU.Build.0 = Release|Any CPU
	EndGlobalSection
	GlobalSection(SolutionProperties) = preSolution
		HideSolutionNode = FALSE
	EndGlobalSection
	GlobalSection(ExtensibilityGlobals) = postSolution
		SolutionGuid = {184C6851-6616-480D-8294-75799F84BC59}
	EndGlobalSection
EndGlobal
